
Microsoft Visual Studio Solution File, Format Version 10.00
# Visual Studio 2008
Project("{FAE04EC0-301F-11D3-BF4B-00C04F79EFBC}") = "sample", "sample\sample.csproj", "{47B724F6-F1BF-4A4D-84DA-1F81CD4602A8}"
EndProject
Global
	GlobalSection(SolutionConfigurationPlatforms) = preSolution
		Debug|Any CPU = Debug|Any CPU
		Release|Any CPU = Release|Any CPU
	EndGlobalSection
	GlobalSection(ProjectConfigurationPlatforms) = postSolution
		{47B724F6-F1BF-4A4D-84DA-1F81CD4602A8}.Debug|Any CPU.ActiveCfg = Debug|Any CPU
		{47B724F6-F1BF-4A4D-84DA-1F81CD4602A8}.Debug|Any CPU.Build.0 = Debug|Any CPU
		{47B724F6-F1BF-4A4D-84DA-1F81CD4602A8}.Release|Any CPU.ActiveCfg = Release|Any CPU
		{47B724F6-F1BF-4A4D-84DA-1F81CD4602A8}.Release|Any CPU.Build.0 = Release|Any CPU
	EndGlobalSection
	GlobalSection(SolutionProperties) = preSolution
		HideSolutionNode = FALSE
	EndGlobalSection
EndGlobal
